
Microsoft Visual Studio Solution File, Format Version 12.00
# Visual Studio Version 16
VisualStudioVersion = 16.0.30114.105
MinimumVisualStudioVersion = 10.0.40219.1
Project("{FAE04EC0-301F-11D3-BF4B-00C04F79EFBC}") = "vsc", "Module-1\vsc.csproj", "{6334B3C3-F23A-4B30-92F8-F9EBA5AE06DD}"
EndProject
Project("{2150E333-8FDC-42A3-9474-1A3956D46DE8}") = "Module-2", "Module-2", "{4F4C831E-532F-49B6-B25B-6319B264ECE7}"
EndProject
Project("{FAE04EC0-301F-11D3-BF4B-00C04F79EFBC}") = "Grouping", "Module-2\Grouping\Grouping.csproj", "{C0544800-3F4F-4AA9-90AD-166C9071A075}"
EndProject
Project("{FAE04EC0-301F-11D3-BF4B-00C04F79EFBC}") = "Module-3", "Module-3\Module-3.csproj", "{254AAFC1-DBB5-465C-AA2F-C2276BB61F05}"
EndProject
Project("{FAE04EC0-301F-11D3-BF4B-00C04F79EFBC}") = "Module-4", "Module-4\Module-4.csproj", "{1F572339-01AA-4D9A-A7AF-FFA3C969580E}"
EndProject
Project("{FAE04EC0-301F-11D3-BF4B-00C04F79EFBC}") = "Module-5", "Module-5\Module-5.csproj", "{E1BCAC53-5A2F-41A1-890C-A22BE85B5519}"
EndProject
Project("{FAE04EC0-301F-11D3-BF4B-00C04F79EFBC}") = "Module-6", "Module-6\Module-6.csproj", "{40A74E31-5418-4728-8415-D23A00F931A6}"
EndProject
Project("{FAE04EC0-301F-11D3-BF4B-00C04F79EFBC}") = "Module-7", "Module-7\Module-7.csproj", "{462B6AA0-636C-4577-8D2F-72C67F8386CF}"
EndProject
Project("{FAE04EC0-301F-11D3-BF4B-00C04F79EFBC}") = "Module-8", "Module-8\Module-8.csproj", "{27C6E6EE-99F5-42A4-8089-802DDAF3525E}"
EndProject
Global
	GlobalSection(SolutionConfigurationPlatforms) = preSolution
		Debug|Any CPU = Debug|Any CPU
		Debug|x64 = Debug|x64
		Debug|x86 = Debug|x86
		Release|Any CPU = Release|Any CPU
		Release|x64 = Release|x64
		Release|x86 = Release|x86
	EndGlobalSection
	GlobalSection(SolutionProperties) = preSolution
		HideSolutionNode = FALSE
	EndGlobalSection
	GlobalSection(ProjectConfigurationPlatforms) = postSolution
		{6334B3C3-F23A-4B30-92F8-F9EBA5AE06DD}.Debug|Any CPU.ActiveCfg = Debug|Any CPU
		{6334B3C3-F23A-4B30-92F8-F9EBA5AE06DD}.Debug|Any CPU.Build.0 = Debug|Any CPU
		{6334B3C3-F23A-4B30-92F8-F9EBA5AE06DD}.Debug|x64.ActiveCfg = Debug|Any CPU
		{6334B3C3-F23A-4B30-92F8-F9EBA5AE06DD}.Debug|x64.Build.0 = Debug|Any CPU
		{6334B3C3-F23A-4B30-92F8-F9EBA5AE06DD}.Debug|x86.ActiveCfg = Debug|Any CPU
		{6334B3C3-F23A-4B30-92F8-F9EBA5AE06DD}.Debug|x86.Build.0 = Debug|Any CPU
		{6334B3C3-F23A-4B30-92F8-F9EBA5AE06DD}.Release|Any CPU.ActiveCfg = Release|Any CPU
		{6334B3C3-F23A-4B30-92F8-F9EBA5AE06DD}.Release|Any CPU.Build.0 = Release|Any CPU
		{6334B3C3-F23A-4B30-92F8-F9EBA5AE06DD}.Release|x64.ActiveCfg = Release|Any CPU
		{6334B3C3-F23A-4B30-92F8-F9EBA5AE06DD}.Release|x64.Build.0 = Release|Any CPU
		{6334B3C3-F23A-4B30-92F8-F9EBA5AE06DD}.Release|x86.ActiveCfg = Release|Any CPU
		{6334B3C3-F23A-4B30-92F8-F9EBA5AE06DD}.Release|x86.Build.0 = Release|Any CPU
		{C0544800-3F4F-4AA9-90AD-166C9071A075}.Debug|Any CPU.ActiveCfg = Debug|Any CPU
		{C0544800-3F4F-4AA9-90AD-166C9071A075}.Debug|Any CPU.Build.0 = Debug|Any CPU
		{C0544800-3F4F-4AA9-90AD-166C9071A075}.Debug|x64.ActiveCfg = Debug|Any CPU
		{C0544800-3F4F-4AA9-90AD-166C9071A075}.Debug|x64.Build.0 = Debug|Any CPU
		{C0544800-3F4F-4AA9-90AD-166C9071A075}.Debug|x86.ActiveCfg = Debug|Any CPU
		{C0544800-3F4F-4AA9-90AD-166C9071A075}.Debug|x86.Build.0 = Debug|Any CPU
		{C0544800-3F4F-4AA9-90AD-166C9071A075}.Release|Any CPU.ActiveCfg = Release|Any CPU
		{C0544800-3F4F-4AA9-90AD-166C9071A075}.Release|Any CPU.Build.0 = Release|Any CPU
		{C0544800-3F4F-4AA9-90AD-166C9071A075}.Release|x64.ActiveCfg = Release|Any CPU
		{C0544800-3F4F-4AA9-90AD-166C9071A075}.Release|x64.Build.0 = Release|Any CPU
		{C0544800-3F4F-4AA9-90AD-166C9071A075}.Release|x86.ActiveCfg = Release|Any CPU
		{C0544800-3F4F-4AA9-90AD-166C9071A075}.Release|x86.Build.0 = Release|Any CPU
		{254AAFC1-DBB5-465C-AA2F-C2276BB61F05}.Debug|Any CPU.ActiveCfg = Debug|Any CPU
		{254AAFC1-DBB5-465C-AA2F-C2276BB61F05}.Debug|Any CPU.Build.0 = Debug|Any CPU
		{254AAFC1-DBB5-465C-AA2F-C2276BB61F05}.Debug|x64.ActiveCfg = Debug|Any CPU
		{254AAFC1-DBB5-465C-AA2F-C2276BB61F05}.Debug|x64.Build.0 = Debug|Any CPU
		{254AAFC1-DBB5-465C-AA2F-C2276BB61F05}.Debug|x86.ActiveCfg = Debug|Any CPU
		{254AAFC1-DBB5-465C-AA2F-C2276BB61F05}.Debug|x86.Build.0 = Debug|Any CPU
		{254AAFC1-DBB5-465C-AA2F-C2276BB61F05}.Release|Any CPU.ActiveCfg = Release|Any CPU
		{254AAFC1-DBB5-465C-AA2F-C2276BB61F05}.Release|Any CPU.Build.0 = Release|Any CPU
		{254AAFC1-DBB5-465C-AA2F-C2276BB61F05}.Release|x64.ActiveCfg = Release|Any CPU
		{254AAFC1-DBB5-465C-AA2F-C2276BB61F05}.Release|x64.Build.0 = Release|Any CPU
		{254AAFC1-DBB5-465C-AA2F-C2276BB61F05}.Release|x86.ActiveCfg = Release|Any CPU
		{254AAFC1-DBB5-465C-AA2F-C2276BB61F05}.Release|x86.Build.0 = Release|Any CPU
		{1F572339-01AA-4D9A-A7AF-FFA3C969580E}.Debug|Any CPU.ActiveCfg = Debug|Any CPU
		{1F572339-01AA-4D9A-A7AF-FFA3C969580E}.Debug|Any CPU.Build.0 = Debug|Any CPU
		{1F572339-01AA-4D9A-A7AF-FFA3C969580E}.Debug|x64.ActiveCfg = Debug|Any CPU
		{1F572339-01AA-4D9A-A7AF-FFA3C969580E}.Debug|x64.Build.0 = Debug|Any CPU
		{1F572339-01AA-4D9A-A7AF-FFA3C969580E}.Debug|x86.ActiveCfg = Debug|Any CPU
		{1F572339-01AA-4D9A-A7AF-FFA3C969580E}.Debug|x86.Build.0 = Debug|Any CPU
		{1F572339-01AA-4D9A-A7AF-FFA3C969580E}.Release|Any CPU.ActiveCfg = Release|Any CPU
		{1F572339-01AA-4D9A-A7AF-FFA3C969580E}.Release|Any CPU.Build.0 = Release|Any CPU
		{1F572339-01AA-4D9A-A7AF-FFA3C969580E}.Release|x64.ActiveCfg = Release|Any CPU
		{1F572339-01AA-4D9A-A7AF-FFA3C969580E}.Release|x64.Build.0 = Release|Any CPU
		{1F572339-01AA-4D9A-A7AF-FFA3C969580E}.Release|x86.ActiveCfg = Release|Any CPU
		{1F572339-01AA-4D9A-A7AF-FFA3C969580E}.Release|x86.Build.0 = Release|Any CPU
		{E1BCAC53-5A2F-41A1-890C-A22BE85B5519}.Debug|Any CPU.ActiveCfg = Debug|Any CPU
		{E1BCAC53-5A2F-41A1-890C-A22BE85B5519}.Debug|Any CPU.Build.0 = Debug|Any CPU
		{E1BCAC53-5A2F-41A1-890C-A22BE85B5519}.Debug|x64.ActiveCfg = Debug|Any CPU
		{E1BCAC53-5A2F-41A1-890C-A22BE85B5519}.Debug|x64.Build.0 = Debug|Any CPU
		{E1BCAC53-5A2F-41A1-890C-A22BE85B5519}.Debug|x86.ActiveCfg = Debug|Any CPU
		{E1BCAC53-5A2F-41A1-890C-A22BE85B5519}.Debug|x86.Build.0 = Debug|Any CPU
		{E1BCAC53-5A2F-41A1-890C-A22BE85B5519}.Release|Any CPU.ActiveCfg = Release|Any CPU
		{E1BCAC53-5A2F-41A1-890C-A22BE85B5519}.Release|Any CPU.Build.0 = Release|Any CPU
		{E1BCAC53-5A2F-41A1-890C-A22BE85B5519}.Release|x64.ActiveCfg = Release|Any CPU
		{E1BCAC53-5A2F-41A1-890C-A22BE85B5519}.Release|x64.Build.0 = Release|Any CPU
		{E1BCAC53-5A2F-41A1-890C-A22BE85B5519}.Release|x86.ActiveCfg = Release|Any CPU
		{E1BCAC53-5A2F-41A1-890C-A22BE85B5519}.Release|x86.Build.0 = Release|Any CPU
		{40A74E31-5418-4728-8415-D23A00F931A6}.Debug|Any CPU.ActiveCfg = Debug|Any CPU
		{40A74E31-5418-4728-8415-D23A00F931A6}.Debug|Any CPU.Build.0 = Debug|Any CPU
		{40A74E31-5418-4728-8415-D23A00F931A6}.Debug|x64.ActiveCfg = Debug|Any CPU
		{40A74E31-5418-4728-8415-D23A00F931A6}.Debug|x64.Build.0 = Debug|Any CPU
		{40A74E31-5418-4728-8415-D23A00F931A6}.Debug|x86.ActiveCfg = Debug|Any CPU
		{40A74E31-5418-4728-8415-D23A00F931A6}.Debug|x86.Build.0 = Debug|Any CPU
		{40A74E31-5418-4728-8415-D23A00F931A6}.Release|Any CPU.ActiveCfg = Release|Any CPU
		{40A74E31-5418-4728-8415-D23A00F931A6}.Release|Any CPU.Build.0 = Release|Any CPU
		{40A74E31-5418-4728-8415-D23A00F931A6}.Release|x64.ActiveCfg = Release|Any CPU
		{40A74E31-5418-4728-8415-D23A00F931A6}.Release|x64.Build.0 = Release|Any CPU
		{40A74E31-5418-4728-8415-D23A00F931A6}.Release|x86.ActiveCfg = Release|Any CPU
		{40A74E31-5418-4728-8415-D23A00F931A6}.Release|x86.Build.0 = Release|Any CPU
		{462B6AA0-636C-4577-8D2F-72C67F8386CF}.Debug|Any CPU.ActiveCfg = Debug|Any CPU
		{462B6AA0-636C-4577-8D2F-72C67F8386CF}.Debug|Any CPU.Build.0 = Debug|Any CPU
		{462B6AA0-636C-4577-8D2F-72C67F8386CF}.Debug|x64.ActiveCfg = Debug|Any CPU
		{462B6AA0-636C-4577-8D2F-72C67F8386CF}.Debug|x64.Build.0 = Debug|Any CPU
		{462B6AA0-636C-4577-8D2F-72C67F8386CF}.Debug|x86.ActiveCfg = Debug|Any CPU
		{462B6AA0-636C-4577-8D2F-72C67F8386CF}.Debug|x86.Build.0 = Debug|Any CPU
		{462B6AA0-636C-4577-8D2F-72C67F8386CF}.Release|Any CPU.ActiveCfg = Release|Any CPU
		{462B6AA0-636C-4577-8D2F-72C67F8386CF}.Release|Any CPU.Build.0 = Release|Any CPU
		{462B6AA0-636C-4577-8D2F-72C67F8386CF}.Release|x64.ActiveCfg = Release|Any CPU
		{462B6AA0-636C-4577-8D2F-72C67F8386CF}.Release|x64.Build.0 = Release|Any CPU
		{462B6AA0-636C-4577-8D2F-72C67F8386CF}.Release|x86.ActiveCfg = Release|Any CPU
		{462B6AA0-636C-4577-8D2F-72C67F8386CF}.Release|x86.Build.0 = Release|Any CPU
		{27C6E6EE-99F5-42A4-8089-802DDAF3525E}.Debug|Any CPU.ActiveCfg = Debug|Any CPU
		{27C6E6EE-99F5-42A4-8089-802DDAF3525E}.Debug|Any CPU.Build.0 = Debug|Any CPU
		{27C6E6EE-99F5-42A4-8089-802DDAF3525E}.Debug|x64.ActiveCfg = Debug|Any CPU
		{27C6E6EE-99F5-42A4-8089-802DDAF3525E}.Debug|x64.Build.0 = Debug|Any CPU
		{27C6E6EE-99F5-42A4-8089-802DDAF3525E}.Debug|x86.ActiveCfg = Debug|Any CPU
		{27C6E6EE-99F5-42A4-8089-802DDAF3525E}.Debug|x86.Build.0 = Debug|Any CPU
		{27C6E6EE-99F5-42A4-8089-802DDAF3525E}.Release|Any CPU.ActiveCfg = Release|Any CPU
		{27C6E6EE-99F5-42A4-8089-802DDAF3525E}.Release|Any CPU.Build.0 = Release|Any CPU
		{27C6E6EE-99F5-42A4-8089-802DDAF3525E}.Release|x64.ActiveCfg = Release|Any CPU
		{27C6E6EE-99F5-42A4-8089-802DDAF3525E}.Release|x64.Build.0 = Release|Any CPU
		{27C6E6EE-99F5-42A4-8089-802DDAF3525E}.Release|x86.ActiveCfg = Release|Any CPU
		{27C6E6EE-99F5-42A4-8089-802DDAF3525E}.Release|x86.Build.0 = Release|Any CPU
	EndGlobalSection
	GlobalSection(NestedProjects) = preSolution
		{C0544800-3F4F-4AA9-90AD-166C9071A075} = {4F4C831E-532F-49B6-B25B-6319B264ECE7}
	EndGlobalSection
EndGlobal
